<?xml version="1.0" encoding="UTF-8"?>
<Scheme
   version = "1.3">
   <BuildAction>
      <BuildActionEntries>
         <BuildActionEntry
            buildForRunning = "YES">
            <BuildableReference
               BuildableIdentifier = "primary"
               BlueprintIdentifier = "D2898CAA16D7686000FD4FF1"
               BuildableName = "Pull Down.app"
               BlueprintName = "PullDownControllerDemo"
               ReferencedContainer = "container:PullDownControllerDemo.xcodeproj">
            </BuildableReference>
         </BuildActionEntry>
      </BuildActionEntries>
   </BuildAction>
   <LaunchAction
      useCustomWorkingDirectory = "NO"
      buildConfiguration = "Debug">
      <BuildableProductRunnable>
         <BuildableReference
            BuildableIdentifier = "primary"
            BlueprintIdentifier = "D2898CAA16D7686000FD4FF1"
            BuildableName = "Pull Down.app"
            BlueprintName = "PullDownControllerDemo"
            ReferencedContainer = "container:PullDownControllerDemo.xcodeproj">
         </BuildableReference>
      </BuildableProductRunnable>
   </LaunchAction>
</Scheme>
